
Microsoft Visual Studio Solution File, Format Version 12.00
# Visual Studio Version 17
VisualStudioVersion = 17.6.33723.286
MinimumVisualStudioVersion = 10.0.40219.1
Project("{FAE04EC0-301F-11D3-BF4B-00C04F79EFBC}") = "server", "server.csproj", "{E9FD475D-956A-4B92-B603-344BEFE9FC26}"
EndProject
Global
	GlobalSection(SolutionConfigurationPlatforms) = preSolution
		Debug|Any CPU = Debug|Any CPU
		Release|Any CPU = Release|Any CPU
	EndGlobalSection
	GlobalSection(ProjectConfigurationPlatforms) = postSolution
		{E9FD475D-956A-4B92-B603-344BEFE9FC26}.Debug|Any CPU.ActiveCfg = Debug|Any CPU
		{E9FD475D-956A-4B92-B603-344BEFE9FC26}.Debug|Any CPU.Build.0 = Debug|Any CPU
		{E9FD475D-956A-4B92-B603-344BEFE9FC26}.Release|Any CPU.ActiveCfg = Release|Any CPU
		{E9FD475D-956A-4B92-B603-344BEFE9FC26}.Release|Any CPU.Build.0 = Release|Any CPU
	EndGlobalSection
	GlobalSection(SolutionProperties) = preSolution
		HideSolutionNode = FALSE
	EndGlobalSection
	GlobalSection(ExtensibilityGlobals) = postSolution
		SolutionGuid = {BFF09EFE-79C5-44F6-96A9-D7F20FBFC833}
	EndGlobalSection
EndGlobal
